
Microsoft Visual Studio Solution File, Format Version 12.00
# Visual Studio Version 17
VisualStudioVersion = 17.2.32602.215
MinimumVisualStudioVersion = 10.0.40219.1
Project("{2150E333-8FDC-42A3-9474-1A3956D46DE8}") = "Services", "Services", "{8237B491-7559-4F63-9344-971F8A99B432}"
EndProject
Project("{2150E333-8FDC-42A3-9474-1A3956D46DE8}") = "WebApps", "WebApps", "{96D147AC-3EBE-4CFD-A0DA-095118FC64DC}"
EndProject
Project("{2150E333-8FDC-42A3-9474-1A3956D46DE8}") = "Cadastros", "Cadastros", "{6769993C-0EB7-4AD2-8909-A79B61AE12A5}"
EndProject
Project("{2150E333-8FDC-42A3-9474-1A3956D46DE8}") = "Catalogo", "Catalogo", "{C1D5CE93-77A0-4F91-B4D3-0D516D98FF26}"
EndProject
Project("{2150E333-8FDC-42A3-9474-1A3956D46DE8}") = "Core", "Core", "{2431F20F-8657-49F2-9737-000482BE8A61}"
EndProject
Project("{2150E333-8FDC-42A3-9474-1A3956D46DE8}") = "Fiscal", "Fiscal", "{A9FEAD1A-3A71-499B-BAEA-2D5AABEFD01E}"
EndProject
Project("{2150E333-8FDC-42A3-9474-1A3956D46DE8}") = "Pagamentos", "Pagamentos", "{3270A3A2-86FD-4707-99D5-4AF7AC1EC267}"
EndProject
Project("{2150E333-8FDC-42A3-9474-1A3956D46DE8}") = "Vendas", "Vendas", "{94796358-5531-415A-9892-655C301C74F7}"
EndProject
Project("{9A19103F-16F7-4668-BE54-9A1E7A4F7556}") = "NerdStore.Catalogo.Domain", "src\NerdStore.Catalogo.Domain\NerdStore.Catalogo.Domain.csproj", "{A29704A1-F89F-42BD-964B-8397606DF8F7}"
EndProject
Project("{9A19103F-16F7-4668-BE54-9A1E7A4F7556}") = "NerdStore.Catalogo.Data", "src\NerdStore.Catalogo.Data\NerdStore.Catalogo.Data.csproj", "{1734D31A-9CF6-41B5-A439-32DECD69E5FA}"
EndProject
Project("{9A19103F-16F7-4668-BE54-9A1E7A4F7556}") = "NerdStore.Catalogo.Application", "src\NerdStore.Catalogo.Application\NerdStore.Catalogo.Application.csproj", "{0C12BBDE-A52A-4726-B4B8-3E9F943D4670}"
EndProject
Project("{9A19103F-16F7-4668-BE54-9A1E7A4F7556}") = "NerdStore.WebApp.MVC", "src\NerdStore.WebApp.MVC\NerdStore.WebApp.MVC.csproj", "{B7A6C217-0224-4D0E-B2AF-9449E20A75CE}"
EndProject
Project("{9A19103F-16F7-4668-BE54-9A1E7A4F7556}") = "NerdStore.Vendas.Domain", "src\NerdStore.Vendas.Domain\NerdStore.Vendas.Domain.csproj", "{45A38BB4-ED7D-4647-9DD8-A31381012EA0}"
EndProject
Project("{9A19103F-16F7-4668-BE54-9A1E7A4F7556}") = "NerdStore.Vendas.Application", "src\NerdStore.Vendas.Application\NerdStore.Vendas.Application.csproj", "{C61E9A13-A417-4EE2-AB2B-E1288A20B1F6}"
EndProject
Project("{9A19103F-16F7-4668-BE54-9A1E7A4F7556}") = "NerdStore.Vendas.Data", "src\NerdStore.Vendas.Data\NerdStore.Vendas.Data.csproj", "{16D2BEB0-C47C-45EB-89ED-C5949C27FFF2}"
EndProject
Project("{9A19103F-16F7-4668-BE54-9A1E7A4F7556}") = "NerdStore.Core", "src\NerdStore.Core\NerdStore.Core.csproj", "{A4C2A0A9-21C2-46D9-89E1-BC13498B5CB7}"
EndProject
Project("{FAE04EC0-301F-11D3-BF4B-00C04F79EFBC}") = "NerdStore.Pagamentos.AntiCorruption", "src\NerdStore.Pagamentos.AntiCorruption\NerdStore.Pagamentos.AntiCorruption.csproj", "{6214C90A-B71A-40AC-BEF6-709E2E9721B5}"
EndProject
Project("{FAE04EC0-301F-11D3-BF4B-00C04F79EFBC}") = "NerdStore.Pagamentos.Business", "src\NerdStore.Pagamentos.Business\NerdStore.Pagamentos.Business.csproj", "{0FA4266B-A266-4DF8-8355-8EE40673E13A}"
EndProject
Project("{FAE04EC0-301F-11D3-BF4B-00C04F79EFBC}") = "NerdStore.Pagamentos.Data", "src\NerdStore.Pagamentos.Data\NerdStore.Pagamentos.Data.csproj", "{59299EBC-0074-41B1-8A89-F8ED94773104}"
EndProject
Global
	GlobalSection(SolutionConfigurationPlatforms) = preSolution
		Debug|Any CPU = Debug|Any CPU
		Release|Any CPU = Release|Any CPU
	EndGlobalSection
	GlobalSection(ProjectConfigurationPlatforms) = postSolution
		{A29704A1-F89F-42BD-964B-8397606DF8F7}.Debug|Any CPU.ActiveCfg = Debug|Any CPU
		{A29704A1-F89F-42BD-964B-8397606DF8F7}.Debug|Any CPU.Build.0 = Debug|Any CPU
		{A29704A1-F89F-42BD-964B-8397606DF8F7}.Release|Any CPU.ActiveCfg = Release|Any CPU
		{A29704A1-F89F-42BD-964B-8397606DF8F7}.Release|Any CPU.Build.0 = Release|Any CPU
		{1734D31A-9CF6-41B5-A439-32DECD69E5FA}.Debug|Any CPU.ActiveCfg = Debug|Any CPU
		{1734D31A-9CF6-41B5-A439-32DECD69E5FA}.Debug|Any CPU.Build.0 = Debug|Any CPU
		{1734D31A-9CF6-41B5-A439-32DECD69E5FA}.Release|Any CPU.ActiveCfg = Release|Any CPU
		{1734D31A-9CF6-41B5-A439-32DECD69E5FA}.Release|Any CPU.Build.0 = Release|Any CPU
		{0C12BBDE-A52A-4726-B4B8-3E9F943D4670}.Debug|Any CPU.ActiveCfg = Debug|Any CPU
		{0C12BBDE-A52A-4726-B4B8-3E9F943D4670}.Debug|Any CPU.Build.0 = Debug|Any CPU
		{0C12BBDE-A52A-4726-B4B8-3E9F943D4670}.Release|Any CPU.ActiveCfg = Release|Any CPU
		{0C12BBDE-A52A-4726-B4B8-3E9F943D4670}.Release|Any CPU.Build.0 = Release|Any CPU
		{B7A6C217-0224-4D0E-B2AF-9449E20A75CE}.Debug|Any CPU.ActiveCfg = Debug|Any CPU
		{B7A6C217-0224-4D0E-B2AF-9449E20A75CE}.Debug|Any CPU.Build.0 = Debug|Any CPU
		{B7A6C217-0224-4D0E-B2AF-9449E20A75CE}.Release|Any CPU.ActiveCfg = Release|Any CPU
		{B7A6C217-0224-4D0E-B2AF-9449E20A75CE}.Release|Any CPU.Build.0 = Release|Any CPU
		{45A38BB4-ED7D-4647-9DD8-A31381012EA0}.Debug|Any CPU.ActiveCfg = Debug|Any CPU
		{45A38BB4-ED7D-4647-9DD8-A31381012EA0}.Debug|Any CPU.Build.0 = Debug|Any CPU
		{45A38BB4-ED7D-4647-9DD8-A31381012EA0}.Release|Any CPU.ActiveCfg = Release|Any CPU
		{45A38BB4-ED7D-4647-9DD8-A31381012EA0}.Release|Any CPU.Build.0 = Release|Any CPU
		{C61E9A13-A417-4EE2-AB2B-E1288A20B1F6}.Debug|Any CPU.ActiveCfg = Debug|Any CPU
		{C61E9A13-A417-4EE2-AB2B-E1288A20B1F6}.Debug|Any CPU.Build.0 = Debug|Any CPU
		{C61E9A13-A417-4EE2-AB2B-E1288A20B1F6}.Release|Any CPU.ActiveCfg = Release|Any CPU
		{C61E9A13-A417-4EE2-AB2B-E1288A20B1F6}.Release|Any CPU.Build.0 = Release|Any CPU
		{16D2BEB0-C47C-45EB-89ED-C5949C27FFF2}.Debug|Any CPU.ActiveCfg = Debug|Any CPU
		{16D2BEB0-C47C-45EB-89ED-C5949C27FFF2}.Debug|Any CPU.Build.0 = Debug|Any CPU
		{16D2BEB0-C47C-45EB-89ED-C5949C27FFF2}.Release|Any CPU.ActiveCfg = Release|Any CPU
		{16D2BEB0-C47C-45EB-89ED-C5949C27FFF2}.Release|Any CPU.Build.0 = Release|Any CPU
		{A4C2A0A9-21C2-46D9-89E1-BC13498B5CB7}.Debug|Any CPU.ActiveCfg = Debug|Any CPU
		{A4C2A0A9-21C2-46D9-89E1-BC13498B5CB7}.Debug|Any CPU.Build.0 = Debug|Any CPU
		{A4C2A0A9-21C2-46D9-89E1-BC13498B5CB7}.Release|Any CPU.ActiveCfg = Release|Any CPU
		{A4C2A0A9-21C2-46D9-89E1-BC13498B5CB7}.Release|Any CPU.Build.0 = Release|Any CPU
		{6214C90A-B71A-40AC-BEF6-709E2E9721B5}.Debug|Any CPU.ActiveCfg = Debug|Any CPU
		{6214C90A-B71A-40AC-BEF6-709E2E9721B5}.Debug|Any CPU.Build.0 = Debug|Any CPU
		{6214C90A-B71A-40AC-BEF6-709E2E9721B5}.Release|Any CPU.ActiveCfg = Release|Any CPU
		{6214C90A-B71A-40AC-BEF6-709E2E9721B5}.Release|Any CPU.Build.0 = Release|Any CPU
		{0FA4266B-A266-4DF8-8355-8EE40673E13A}.Debug|Any CPU.ActiveCfg = Debug|Any CPU
		{0FA4266B-A266-4DF8-8355-8EE40673E13A}.Debug|Any CPU.Build.0 = Debug|Any CPU
		{0FA4266B-A266-4DF8-8355-8EE40673E13A}.Release|Any CPU.ActiveCfg = Release|Any CPU
		{0FA4266B-A266-4DF8-8355-8EE40673E13A}.Release|Any CPU.Build.0 = Release|Any CPU
		{59299EBC-0074-41B1-8A89-F8ED94773104}.Debug|Any CPU.ActiveCfg = Debug|Any CPU
		{59299EBC-0074-41B1-8A89-F8ED94773104}.Debug|Any CPU.Build.0 = Debug|Any CPU
		{59299EBC-0074-41B1-8A89-F8ED94773104}.Release|Any CPU.ActiveCfg = Release|Any CPU
		{59299EBC-0074-41B1-8A89-F8ED94773104}.Release|Any CPU.Build.0 = Release|Any CPU
	EndGlobalSection
	GlobalSection(SolutionProperties) = preSolution
		HideSolutionNode = FALSE
	EndGlobalSection
	GlobalSection(NestedProjects) = preSolution
		{6769993C-0EB7-4AD2-8909-A79B61AE12A5} = {8237B491-7559-4F63-9344-971F8A99B432}
		{C1D5CE93-77A0-4F91-B4D3-0D516D98FF26} = {8237B491-7559-4F63-9344-971F8A99B432}
		{2431F20F-8657-49F2-9737-000482BE8A61} = {8237B491-7559-4F63-9344-971F8A99B432}
		{A9FEAD1A-3A71-499B-BAEA-2D5AABEFD01E} = {8237B491-7559-4F63-9344-971F8A99B432}
		{3270A3A2-86FD-4707-99D5-4AF7AC1EC267} = {8237B491-7559-4F63-9344-971F8A99B432}
		{94796358-5531-415A-9892-655C301C74F7} = {8237B491-7559-4F63-9344-971F8A99B432}
		{A29704A1-F89F-42BD-964B-8397606DF8F7} = {C1D5CE93-77A0-4F91-B4D3-0D516D98FF26}
		{1734D31A-9CF6-41B5-A439-32DECD69E5FA} = {C1D5CE93-77A0-4F91-B4D3-0D516D98FF26}
		{0C12BBDE-A52A-4726-B4B8-3E9F943D4670} = {C1D5CE93-77A0-4F91-B4D3-0D516D98FF26}
		{B7A6C217-0224-4D0E-B2AF-9449E20A75CE} = {96D147AC-3EBE-4CFD-A0DA-095118FC64DC}
		{45A38BB4-ED7D-4647-9DD8-A31381012EA0} = {94796358-5531-415A-9892-655C301C74F7}
		{C61E9A13-A417-4EE2-AB2B-E1288A20B1F6} = {94796358-5531-415A-9892-655C301C74F7}
		{16D2BEB0-C47C-45EB-89ED-C5949C27FFF2} = {94796358-5531-415A-9892-655C301C74F7}
		{A4C2A0A9-21C2-46D9-89E1-BC13498B5CB7} = {2431F20F-8657-49F2-9737-000482BE8A61}
		{6214C90A-B71A-40AC-BEF6-709E2E9721B5} = {3270A3A2-86FD-4707-99D5-4AF7AC1EC267}
		{0FA4266B-A266-4DF8-8355-8EE40673E13A} = {3270A3A2-86FD-4707-99D5-4AF7AC1EC267}
		{59299EBC-0074-41B1-8A89-F8ED94773104} = {3270A3A2-86FD-4707-99D5-4AF7AC1EC267}
	EndGlobalSection
	GlobalSection(ExtensibilityGlobals) = postSolution
		SolutionGuid = {A197B38F-C4B4-4A1D-B6B2-8AFB91DB2933}
	EndGlobalSection
EndGlobal
